<?xml version="1.0" encoding="utf-8"?>
<Project ToolsVersion="4.0" xmlns="http://schemas.microsoft.com/developer/msbuild/2003">
  <ItemGroup>
    <Filter Include="Source Files">
      <UniqueIdentifier>{4FC737F1-C7A5-4376-A066-2A32D752A2FF}</UniqueIdentifier>
      <Extensions>cpp;c;cc;cxx;c++;cppm;ixx;def;odl;idl;hpj;bat;asm;asmx</Extensions>
    </Filter>
    <Filter Include="Header Files">
      <UniqueIdentifier>{93995380-89BD-4b04-88EB-625FBE52EBFB}</UniqueIdentifier>
      <Extensions>h;hh;hpp;hxx;h++;hm;inl;inc;ipp;xsd</Extensions>
    </Filter>
    <Filter Include="Resource Files">
      <UniqueIdentifier>{67DA6AB6-F800-4c08-8B7A-83BB121AAD01}</UniqueIdentifier>
      <Extensions>rc;ico;cur;bmp;dlg;rc2;rct;bin;rgs;gif;jpg;jpeg;jpe;resx;tiff;tif;png;wav;mfcribbon-ms</Extensions>
    </Filter>
    <Filter Include="Source Files\avx2">
      <UniqueIdentifier>{8d38ca8d-9d14-4197-a3ec-ebfae63d73c7}</UniqueIdentifier>
    </Filter>
    <Filter Include="Header Files\avx2">
      <UniqueIdentifier>{728699cd-90f2-47e4-9463-9ca2e7656641}</UniqueIdentifier>
    </Filter>
    <Filter Include="Header Files\graphics">
      <UniqueIdentifier>{ca0729b7-e344-41ca-a900-7b85f14a5e5e}</UniqueIdentifier>
    </Filter>
    <Filter Include="Source Files\graphics">
      <UniqueIdentifier>{bf3b09c7-2c18-4dd3-8140-773f5f160784}</UniqueIdentifier>
    </Filter>
  </ItemGroup>
  <ItemGroup>
    <ClCompile Include="ntftwt.cpp">
      <Filter>Source Files</Filter>
    </ClCompile>
    <ClCompile Include="args.cpp">
      <Filter>Source Files</Filter>
    </ClCompile>
    <ClCompile Include="avx_t.cpp">
      <Filter>Source Files\avx2</Filter>
    </ClCompile>
    <ClCompile Include="rayl_t.cpp">
      <Filter>Source Files\graphics</Filter>
    </ClCompile>
  </ItemGroup>
  <ItemGroup>
    <ClInclude Include="args.h">
      <Filter>Header Files</Filter>
    </ClInclude>
    <ClInclude Include="exit_codes.h">
      <Filter>Header Files</Filter>
    </ClInclude>
    <ClInclude Include="constants.h">
      <Filter>Header Files</Filter>
    </ClInclude>
    <ClInclude Include="avx_t.h">
      <Filter>Header Files\avx2</Filter>
    </ClInclude>
    <ClInclude Include="rayl_t.h">
      <Filter>Header Files\graphics</Filter>
    </ClInclude>
  </ItemGroup>
</Project>